
Microsoft Visual Studio Solution File, Format Version 12.00
# Visual Studio Version 16
VisualStudioVersion = 16.0.29123.88
MinimumVisualStudioVersion = 10.0.40219.1
Project("{9A19103F-16F7-4668-BE54-9A1E7A4F7556}") = "MergeSortAlgorithem", "MergeSortAlgorithem\MergeSortAlgorithem.csproj", "{196C609E-7D61-4043-AC0C-70AB1E38C3CD}"
EndProject
Project("{FAE04EC0-301F-11D3-BF4B-00C04F79EFBC}") = "BinarySearchalgorithem", "BinarySearchAlogorothem\BinarySearchalgorithem.csproj", "{12BD01B3-FFE6-405C-894E-B68DF4349C41}"
EndProject
Global
	GlobalSection(SolutionConfigurationPlatforms) = preSolution
		Debug|Any CPU = Debug|Any CPU
		Release|Any CPU = Release|Any CPU
	EndGlobalSection
	GlobalSection(ProjectConfigurationPlatforms) = postSolution
		{196C609E-7D61-4043-AC0C-70AB1E38C3CD}.Debug|Any CPU.ActiveCfg = Debug|Any CPU
		{196C609E-7D61-4043-AC0C-70AB1E38C3CD}.Debug|Any CPU.Build.0 = Debug|Any CPU
		{196C609E-7D61-4043-AC0C-70AB1E38C3CD}.Release|Any CPU.ActiveCfg = Release|Any CPU
		{196C609E-7D61-4043-AC0C-70AB1E38C3CD}.Release|Any CPU.Build.0 = Release|Any CPU
		{12BD01B3-FFE6-405C-894E-B68DF4349C41}.Debug|Any CPU.ActiveCfg = Debug|Any CPU
		{12BD01B3-FFE6-405C-894E-B68DF4349C41}.Debug|Any CPU.Build.0 = Debug|Any CPU
		{12BD01B3-FFE6-405C-894E-B68DF4349C41}.Release|Any CPU.ActiveCfg = Release|Any CPU
		{12BD01B3-FFE6-405C-894E-B68DF4349C41}.Release|Any CPU.Build.0 = Release|Any CPU
	EndGlobalSection
	GlobalSection(SolutionProperties) = preSolution
		HideSolutionNode = FALSE
	EndGlobalSection
	GlobalSection(ExtensibilityGlobals) = postSolution
		SolutionGuid = {01B4AF7D-FC3D-4E38-BF5F-743ED55505B0}
	EndGlobalSection
EndGlobal
